# This file is automatically @generated by Cargo.
# It is not intended for manual editing.
version = 4

[[package]]
name = "encodings"
version = "0.1.0"
dependencies = [
 "kslab",
]

[[package]]
name = "kslab"
version = "0.1.0"

[[package]]
name = "merge-on-read"
version = "0.1.0"
dependencies = [
 "kslab",
]

[[package]]
name = "parquet-reader"
version = "0.1.0"
dependencies = [
 "kslab",
]

[[package]]
name = "shuffle"
version = "0.1.0"
dependencies = [
 "kslab",
]

[[package]]
name = "vectorized"
version = "0.1.0"
dependencies = [
 "kslab",
]

[[package]]
name = "zone-maps"
version = "0.1.0"
dependencies = [
 "kslab",
]
