# This file is automatically @generated by Cargo.
# It is not intended for manual editing.
version = 4

[[package]]
name = "btree"
version = "0.1.0"
dependencies = [
 "kslab",
]

[[package]]
name = "buffer-pool"
version = "0.1.0"
dependencies = [
 "kslab",
]

[[package]]
name = "columnar"
version = "0.1.0"
dependencies = [
 "kslab",
]

[[package]]
name = "hnsw"
version = "0.1.0"
dependencies = [
 "kslab",
]

[[package]]
name = "kslab"
version = "0.1.0"

[[package]]
name = "mvcc"
version = "0.1.0"
dependencies = [
 "kslab",
]

[[package]]
name = "optimizer"
version = "0.1.0"
dependencies = [
 "kslab",
]

[[package]]
name = "rust-kv"
version = "0.1.0"
dependencies = [
 "kslab",
]

[[package]]
name = "slotted-pages"
version = "0.1.0"
dependencies = [
 "kslab",
]

[[package]]
name = "volcano"
version = "0.1.0"
dependencies = [
 "kslab",
]

[[package]]
name = "wal"
version = "0.1.0"
dependencies = [
 "kslab",
]
